PODS:
  - DVAssetLoaderDelegate (0.3.2)

DEPENDENCIES:
  - DVAssetLoaderDelegate (from `../`)

EXTERNAL SOURCES:
  DVAssetLoaderDelegate:
    :path: "../"

SPEC CHECKSUMS:
  DVAssetLoaderDelegate: 38a24530292bf77900fdfdf635434f7f9b49486d

PODFILE CHECKSUM: ed07cf8cd0027cfc409fa2bdb8cb96d5e9b06c89

COCOAPODS: 1.6.1
