PODS:
  - DVAssetLoaderDelegate (0.2.1)

DEPENDENCIES:
  - DVAssetLoaderDelegate (from `../`)

EXTERNAL SOURCES:
  DVAssetLoaderDelegate:
    :path: ../

SPEC CHECKSUMS:
  DVAssetLoaderDelegate: 8315dda9bf515a61912d407c079332185288c388

PODFILE CHECKSUM: ed07cf8cd0027cfc409fa2bdb8cb96d5e9b06c89

COCOAPODS: 1.4.0
